
Microsoft Visual Studio Solution File, Format Version 12.00
# Visual Studio Version 16
VisualStudioVersion = 16.0.30611.23
MinimumVisualStudioVersion = 10.0.40219.1
Project("{FAE04EC0-301F-11D3-BF4B-00C04F79EFBC}") = "gpm_vibration_module_api", "gpm_vibration_module_api\gpm_vibration_module_api.csproj", "{0D025F6E-4663-4821-A7EC-69FB7D5C8599}"
EndProject
Project("{FAE04EC0-301F-11D3-BF4B-00C04F79EFBC}") = "gpm_vibration_module_apiTests", "gpm_vibration_module_apiTests\gpm_vibration_module_apiTests.csproj", "{F61EC749-C595-4DC5-ABB3-896502C47C0F}"
EndProject
Project("{9A19103F-16F7-4668-BE54-9A1E7A4F7556}") = "gpm_module_api_standard", "gpm_module_api_standard\gpm_module_api_standard.csproj", "{99F09C0A-B2D4-4C13-B7BA-6ABF2303B1A7}"
EndProject
Global
	GlobalSection(SolutionConfigurationPlatforms) = preSolution
		Debug|Any CPU = Debug|Any CPU
		Debug|x64 = Debug|x64
		Release|Any CPU = Release|Any CPU
		Release|x64 = Release|x64
	EndGlobalSection
	GlobalSection(ProjectConfigurationPlatforms) = postSolution
		{0D025F6E-4663-4821-A7EC-69FB7D5C8599}.Debug|Any CPU.ActiveCfg = Debug|Any CPU
		{0D025F6E-4663-4821-A7EC-69FB7D5C8599}.Debug|Any CPU.Build.0 = Debug|Any CPU
		{0D025F6E-4663-4821-A7EC-69FB7D5C8599}.Debug|x64.ActiveCfg = Debug|x64
		{0D025F6E-4663-4821-A7EC-69FB7D5C8599}.Debug|x64.Build.0 = Debug|x64
		{0D025F6E-4663-4821-A7EC-69FB7D5C8599}.Release|Any CPU.ActiveCfg = Release|Any CPU
		{0D025F6E-4663-4821-A7EC-69FB7D5C8599}.Release|Any CPU.Build.0 = Release|Any CPU
		{0D025F6E-4663-4821-A7EC-69FB7D5C8599}.Release|x64.ActiveCfg = Release|x64
		{0D025F6E-4663-4821-A7EC-69FB7D5C8599}.Release|x64.Build.0 = Release|x64
		{F61EC749-C595-4DC5-ABB3-896502C47C0F}.Debug|Any CPU.ActiveCfg = Debug|Any CPU
		{F61EC749-C595-4DC5-ABB3-896502C47C0F}.Debug|Any CPU.Build.0 = Debug|Any CPU
		{F61EC749-C595-4DC5-ABB3-896502C47C0F}.Debug|x64.ActiveCfg = Debug|Any CPU
		{F61EC749-C595-4DC5-ABB3-896502C47C0F}.Debug|x64.Build.0 = Debug|Any CPU
		{F61EC749-C595-4DC5-ABB3-896502C47C0F}.Release|Any CPU.ActiveCfg = Release|Any CPU
		{F61EC749-C595-4DC5-ABB3-896502C47C0F}.Release|Any CPU.Build.0 = Release|Any CPU
		{F61EC749-C595-4DC5-ABB3-896502C47C0F}.Release|x64.ActiveCfg = Release|Any CPU
		{F61EC749-C595-4DC5-ABB3-896502C47C0F}.Release|x64.Build.0 = Release|Any CPU
		{99F09C0A-B2D4-4C13-B7BA-6ABF2303B1A7}.Debug|Any CPU.ActiveCfg = Debug|Any CPU
		{99F09C0A-B2D4-4C13-B7BA-6ABF2303B1A7}.Debug|Any CPU.Build.0 = Debug|Any CPU
		{99F09C0A-B2D4-4C13-B7BA-6ABF2303B1A7}.Debug|x64.ActiveCfg = Debug|Any CPU
		{99F09C0A-B2D4-4C13-B7BA-6ABF2303B1A7}.Debug|x64.Build.0 = Debug|Any CPU
		{99F09C0A-B2D4-4C13-B7BA-6ABF2303B1A7}.Release|Any CPU.ActiveCfg = Release|Any CPU
		{99F09C0A-B2D4-4C13-B7BA-6ABF2303B1A7}.Release|Any CPU.Build.0 = Release|Any CPU
		{99F09C0A-B2D4-4C13-B7BA-6ABF2303B1A7}.Release|x64.ActiveCfg = Release|Any CPU
		{99F09C0A-B2D4-4C13-B7BA-6ABF2303B1A7}.Release|x64.Build.0 = Release|Any CPU
	EndGlobalSection
	GlobalSection(SolutionProperties) = preSolution
		HideSolutionNode = FALSE
	EndGlobalSection
	GlobalSection(ExtensibilityGlobals) = postSolution
		SolutionGuid = {0E299C49-E65A-450E-9BB0-2298C0377513}
	EndGlobalSection
EndGlobal
